PODS:
  - Capacitor (7.6.5):
    - CapacitorCordova
  - CapacitorCordova (7.6.5)
  - CapacitorHaptics (7.0.5):
    - Capacitor

DEPENDENCIES:
  - "Capacitor (from `../../node_modules/@capacitor/ios`)"
  - "CapacitorCordova (from `../../node_modules/@capacitor/ios`)"
  - "CapacitorHaptics (from `../../node_modules/@capacitor/haptics`)"

EXTERNAL SOURCES:
  Capacitor:
    :path: "../../node_modules/@capacitor/ios"
  CapacitorCordova:
    :path: "../../node_modules/@capacitor/ios"
  CapacitorHaptics:
    :path: "../../node_modules/@capacitor/haptics"

SPEC CHECKSUMS:
  Capacitor: fa6393e8023cd0f4740c9a22bc73720c049fffa2
  CapacitorCordova: 2b36392a7292c3c451dcae154185ee8804d7b6b3
  CapacitorHaptics: ec024a10130c230743219149c76a02da5cff6aed

PODFILE CHECKSUM: 77e136fb208c6c2a6494b7b510a7f97b304ff314

COCOAPODS: 1.16.2
