PODS:
  - Capacitor (7.6.5):
    - CapacitorCordova
  - CapacitorCordova (7.6.5)
  - CapacitorHaptics (7.0.5):
    - Capacitor
  - CapacitorSplashScreen (7.0.5):
    - Capacitor
  - CapacitorStatusBar (7.0.6):
    - Capacitor

DEPENDENCIES:
  - "Capacitor (from `../../node_modules/@capacitor/ios`)"
  - "CapacitorCordova (from `../../node_modules/@capacitor/ios`)"
  - "CapacitorHaptics (from `../../node_modules/@capacitor/haptics`)"
  - "CapacitorSplashScreen (from `../../node_modules/@capacitor/splash-screen`)"
  - "CapacitorStatusBar (from `../../node_modules/@capacitor/status-bar`)"

EXTERNAL SOURCES:
  Capacitor:
    :path: "../../node_modules/@capacitor/ios"
  CapacitorCordova:
    :path: "../../node_modules/@capacitor/ios"
  CapacitorHaptics:
    :path: "../../node_modules/@capacitor/haptics"
  CapacitorSplashScreen:
    :path: "../../node_modules/@capacitor/splash-screen"
  CapacitorStatusBar:
    :path: "../../node_modules/@capacitor/status-bar"

SPEC CHECKSUMS:
  Capacitor: fa6393e8023cd0f4740c9a22bc73720c049fffa2
  CapacitorCordova: 2b36392a7292c3c451dcae154185ee8804d7b6b3
  CapacitorHaptics: ec024a10130c230743219149c76a02da5cff6aed
  CapacitorSplashScreen: b3d12b4324d93ce605fe57f05a199ade7f26189e
  CapacitorStatusBar: a3acb591ff56301e28aa1a01791ba74a8e1faabb

PODFILE CHECKSUM: bd20b5f3fa8ff3b5b9cc2ff1cabeb616e7e229bf

COCOAPODS: 1.16.2
